// !$*UTF8*$!
{
	archiveVersion = 1;
	classes = {
	};
	objectVersion = 48;
	objects = {

/* Begin PBXBuildFile section */
		8BB456CF206F5299005ABD00 /* AppDelegate.swift in Sources */ = {isa = PBXBuildFile; fileRef = 8BB456CE206F5299005ABD00 /* AppDelegate.swift */; };
		8BB456D1206F5299005ABD00 /* BaseViewController.swift in Sources */ = {isa = PBXBuildFile; fileRef = 8BB456D0206F5299005ABD00 /* BaseViewController.swift */; };
		8BB456D4206F5299005ABD00 /* Login.storyboard in Resources */ = {isa = PBXBuildFile; fileRef = 8BB456D2206F5299005ABD00 /* Login.storyboard */; };
		8BB456D6206F5299005ABD00 /* Assets.xcassets in Resources */ = {isa = PBXBuildFile; fileRef = 8BB456D5206F5299005ABD00 /* Assets.xcassets */; };
		8BB456D9206F5299005ABD00 /* LaunchScreen.storyboard in Resources */ = {isa = PBXBuildFile; fileRef = 8BB456D7206F5299005ABD00 /* LaunchScreen.storyboard */; };
		8BB456E2206F5527005ABD00 /* LoginView.swift in Sources */ = {isa = PBXBuildFile; fileRef = 8BB456E1206F5527005ABD00 /* LoginView.swift */; };
		8BB456E4206F553A005ABD00 /* LoginViewController.swift in Sources */ = {isa = PBXBuildFile; fileRef = 8BB456E3206F553A005ABD00 /* LoginViewController.swift */; };
		8BB456E6206F5EFF005ABD00 /* GoogleService-Info.plist in Resources */ = {isa = PBXBuildFile; fileRef = 8BB456E5206F5EFF005ABD00 /* GoogleService-Info.plist */; };
		8BB456E9206F6D1F005ABD00 /* AuthManager.swift in Sources */ = {isa = PBXBuildFile; fileRef = 8BB456E8206F6D1F005ABD00 /* AuthManager.swift */; };
		8BB456EE206FAF64005ABD00 /* Home.storyboard in Resources */ = {isa = PBXBuildFile; fileRef = 8BB456ED206FAF64005ABD00 /* Home.storyboard */; };
		8BB456F0206FAFFF005ABD00 /* HomeViewController.swift in Sources */ = {isa = PBXBuildFile; fileRef = 8BB456EF206FAFFF005ABD00 /* HomeViewController.swift */; };
		8BB456F3206FCEB8005ABD00 /* NavigationBarTitleView.xib in Resources */ = {isa = PBXBuildFile; fileRef = 8BB456F2206FCEB8005ABD00 /* NavigationBarTitleView.xib */; };
		8BB456F5206FD0AC005ABD00 /* NavigationBarTitleView.swift in Sources */ = {isa = PBXBuildFile; fileRef = 8BB456F4206FD0AC005ABD00 /* NavigationBarTitleView.swift */; };
		8BB456F8206FD129005ABD00 /* UIView+Extensions.swift in Sources */ = {isa = PBXBuildFile; fileRef = 8BB456F7206FD129005ABD00 /* UIView+Extensions.swift */; };
		8BB456FA206FDD02005ABD00 /* UINavigationBar+Extensions.swift in Sources */ = {isa = PBXBuildFile; fileRef = 8BB456F9206FDD02005ABD00 /* UINavigationBar+Extensions.swift */; };
		8BB456FC206FDF23005ABD00 /* HomeView.swift in Sources */ = {isa = PBXBuildFile; fileRef = 8BB456FB206FDF23005ABD00 /* HomeView.swift */; };
		8BB456FF206FE91D005ABD00 /* HomeDataProvider.swift in Sources */ = {isa = PBXBuildFile; fileRef = 8BB456FE206FE91D005ABD00 /* HomeDataProvider.swift */; };
		8BB45701206FE9AF005ABD00 /* HomeTableViewCell.swift in Sources */ = {isa = PBXBuildFile; fileRef = 8BB45700206FE9AF005ABD00 /* HomeTableViewCell.swift */; };
		8BB45704206FF9CC005ABD00 /* News.swift in Sources */ = {isa = PBXBuildFile; fileRef = 8BB45703206FF9CC005ABD00 /* News.swift */; };
		8BB45706206FFB8C005ABD00 /* HomeManager.swift in Sources */ = {isa = PBXBuildFile; fileRef = 8BB45705206FFB8C005ABD00 /* HomeManager.swift */; };
		8BB45709206FFBDD005ABD00 /* HomeService.swift in Sources */ = {isa = PBXBuildFile; fileRef = 8BB45708206FFBDD005ABD00 /* HomeService.swift */; };
		8BB4570B206FFEA5005ABD00 /* ApiClient.swift in Sources */ = {isa = PBXBuildFile; fileRef = 8BB4570A206FFEA5005ABD00 /* ApiClient.swift */; };
		8BB4570D20701272005ABD00 /* RequestBuilder.swift in Sources */ = {isa = PBXBuildFile; fileRef = 8BB4570C20701272005ABD00 /* RequestBuilder.swift */; };
		8BB4570F20701280005ABD00 /* RequestFactory.swift in Sources */ = {isa = PBXBuildFile; fileRef = 8BB4570E20701280005ABD00 /* RequestFactory.swift */; };
		8BB4571120701EC2005ABD00 /* ServiceRequest.swift in Sources */ = {isa = PBXBuildFile; fileRef = 8BB4571020701EC2005ABD00 /* ServiceRequest.swift */; };
		8BB45713207024C3005ABD00 /* TopStories.swift in Sources */ = {isa = PBXBuildFile; fileRef = 8BB45712207024C3005ABD00 /* TopStories.swift */; };
		8BB457172070D885005ABD00 /* Date+Extensions.swift in Sources */ = {isa = PBXBuildFile; fileRef = 8BB457162070D885005ABD00 /* Date+Extensions.swift */; };
		F33D0B130C0A3907E8781B6C /* Pods_HackerNews.framework in Frameworks */ = {isa = PBXBuildFile; fileRef = C0D9893303CF5BD5F2613B1E /* Pods_HackerNews.framework */; };
/* End PBXBuildFile section */

/* Begin PBXFileReference section */
		27F464D2443B2DC019754AE5 /* Pods-HackerNews.release.xcconfig */ = {isa = PBXFileReference; includeInIndex = 1; lastKnownFileType = text.xcconfig; name = "Pods-HackerNews.release.xcconfig"; path = "Pods/Target Support Files/Pods-HackerNews/Pods-HackerNews.release.xcconfig"; sourceTree = "<group>"; };
		6223DFECDC5A55CC45375364 /* Pods-HackerNews.debug.xcconfig */ = {isa = PBXFileReference; includeInIndex = 1; lastKnownFileType = text.xcconfig; name = "Pods-HackerNews.debug.xcconfig"; path = "Pods/Target Support Files/Pods-HackerNews/Pods-HackerNews.debug.xcconfig"; sourceTree = "<group>"; };
		8BB456CB206F5299005ABD00 /* HackerNews.app */ = {isa = PBXFileReference; explicitFileType = wrapper.application; includeInIndex = 0; path = HackerNews.app; sourceTree = BUILT_PRODUCTS_DIR; };
		8BB456CE206F5299005ABD00 /* AppDelegate.swift */ = {isa = PBXFileReference; lastKnownFileType = sourcecode.swift; path = AppDelegate.swift; sourceTree = "<group>"; };
		8BB456D0206F5299005ABD00 /* BaseViewController.swift */ = {isa = PBXFileReference; lastKnownFileType = sourcecode.swift; path = BaseViewController.swift; sourceTree = "<group>"; };
		8BB456D3206F5299005ABD00 /* Base */ = {isa = PBXFileReference; lastKnownFileType = file.storyboard; name = Base; path = Base.lproj/Login.storyboard; sourceTree = "<group>"; };
		8BB456D5206F5299005ABD00 /* Assets.xcassets */ = {isa = PBXFileReference; lastKnownFileType = folder.assetcatalog; path = Assets.xcassets; sourceTree = "<group>"; };
		8BB456D8206F5299005ABD00 /* Base */ = {isa = PBXFileReference; lastKnownFileType = file.storyboard; name = Base; path = Base.lproj/LaunchScreen.storyboard; sourceTree = "<group>"; };
		8BB456DA206F5299005ABD00 /* Info.plist */ = {isa = PBXFileReference; lastKnownFileType = text.plist.xml; path = Info.plist; sourceTree = "<group>"; };
		8BB456E1206F5527005ABD00 /* LoginView.swift */ = {isa = PBXFileReference; lastKnownFileType = sourcecode.swift; path = LoginView.swift; sourceTree = "<group>"; };
		8BB456E3206F553A005ABD00 /* LoginViewController.swift */ = {isa = PBXFileReference; lastKnownFileType = sourcecode.swift; path = LoginViewController.swift; sourceTree = "<group>"; };
		8BB456E5206F5EFF005ABD00 /* GoogleService-Info.plist */ = {isa = PBXFileReference; fileEncoding = 4; lastKnownFileType = text.plist.xml; path = "GoogleService-Info.plist"; sourceTree = "<group>"; };
		8BB456E8206F6D1F005ABD00 /* AuthManager.swift */ = {isa = PBXFileReference; lastKnownFileType = sourcecode.swift; path = AuthManager.swift; sourceTree = "<group>"; };
		8BB456EA206F6ED2005ABD00 /* HackerNews.entitlements */ = {isa = PBXFileReference; lastKnownFileType = text.plist.entitlements; path = HackerNews.entitlements; sourceTree = "<group>"; };
		8BB456ED206FAF64005ABD00 /* Home.storyboard */ = {isa = PBXFileReference; lastKnownFileType = file.storyboard; path = Home.storyboard; sourceTree = "<group>"; };
		8BB456EF206FAFFF005ABD00 /* HomeViewController.swift */ = {isa = PBXFileReference; lastKnownFileType = sourcecode.swift; path = HomeViewController.swift; sourceTree = "<group>"; };
		8BB456F2206FCEB8005ABD00 /* NavigationBarTitleView.xib */ = {isa = PBXFileReference; lastKnownFileType = file.xib; path = NavigationBarTitleView.xib; sourceTree = "<group>"; };
		8BB456F4206FD0AC005ABD00 /* NavigationBarTitleView.swift */ = {isa = PBXFileReference; lastKnownFileType = sourcecode.swift; path = NavigationBarTitleView.swift; sourceTree = "<group>"; };
		8BB456F7206FD129005ABD00 /* UIView+Extensions.swift */ = {isa = PBXFileReference; lastKnownFileType = sourcecode.swift; path = "UIView+Extensions.swift"; sourceTree = "<group>"; };
		8BB456F9206FDD02005ABD00 /* UINavigationBar+Extensions.swift */ = {isa = PBXFileReference; lastKnownFileType = sourcecode.swift; path = "UINavigationBar+Extensions.swift"; sourceTree = "<group>"; };
		8BB456FB206FDF23005ABD00 /* HomeView.swift */ = {isa = PBXFileReference; lastKnownFileType = sourcecode.swift; path = HomeView.swift; sourceTree = "<group>"; };
		8BB456FE206FE91D005ABD00 /* HomeDataProvider.swift */ = {isa = PBXFileReference; lastKnownFileType = sourcecode.swift; path = HomeDataProvider.swift; sourceTree = "<group>"; };
		8BB45700206FE9AF005ABD00 /* HomeTableViewCell.swift */ = {isa = PBXFileReference; lastKnownFileType = sourcecode.swift; path = HomeTableViewCell.swift; sourceTree = "<group>"; };
		8BB45703206FF9CC005ABD00 /* News.swift */ = {isa = PBXFileReference; lastKnownFileType = sourcecode.swift; path = News.swift; sourceTree = "<group>"; };
		8BB45705206FFB8C005ABD00 /* HomeManager.swift */ = {isa = PBXFileReference; lastKnownFileType = sourcecode.swift; path = HomeManager.swift; sourceTree = "<group>"; };
		8BB45708206FFBDD005ABD00 /* HomeService.swift */ = {isa = PBXFileReference; lastKnownFileType = sourcecode.swift; path = HomeService.swift; sourceTree = "<group>"; };
		8BB4570A206FFEA5005ABD00 /* ApiClient.swift */ = {isa = PBXFileReference; lastKnownFileType = sourcecode.swift; path = ApiClient.swift; sourceTree = "<group>"; };
		8BB4570C20701272005ABD00 /* RequestBuilder.swift */ = {isa = PBXFileReference; lastKnownFileType = sourcecode.swift; path = RequestBuilder.swift; sourceTree = "<group>"; };
		8BB4570E20701280005ABD00 /* RequestFactory.swift */ = {isa = PBXFileReference; lastKnownFileType = sourcecode.swift; path = RequestFactory.swift; sourceTree = "<group>"; };
		8BB4571020701EC2005ABD00 /* ServiceRequest.swift */ = {isa = PBXFileReference; lastKnownFileType = sourcecode.swift; path = ServiceRequest.swift; sourceTree = "<group>"; };
		8BB45712207024C3005ABD00 /* TopStories.swift */ = {isa = PBXFileReference; lastKnownFileType = sourcecode.swift; path = TopStories.swift; sourceTree = "<group>"; };
		8BB457162070D885005ABD00 /* Date+Extensions.swift */ = {isa = PBXFileReference; lastKnownFileType = sourcecode.swift; path = "Date+Extensions.swift"; sourceTree = "<group>"; };
		C0D9893303CF5BD5F2613B1E /* Pods_HackerNews.framework */ = {isa = PBXFileReference; explicitFileType = wrapper.framework; includeInIndex = 0; path = Pods_HackerNews.framework; sourceTree = BUILT_PRODUCTS_DIR; };
/* End PBXFileReference section */

/* Begin PBXFrameworksBuildPhase section */
		8BB456C8206F5299005ABD00 /* Frameworks */ = {
			isa = PBXFrameworksBuildPhase;
			buildActionMask = 2147483647;
			files = (
				F33D0B130C0A3907E8781B6C /* Pods_HackerNews.framework in Frameworks */,
			);
			runOnlyForDeploymentPostprocessing = 0;
		};
/* End PBXFrameworksBuildPhase section */

/* Begin PBXGroup section */
		8BB456C2206F5299005ABD00 = {
			isa = PBXGroup;
			children = (
				8BB456CD206F5299005ABD00 /* HackerNews */,
				8BB456CC206F5299005ABD00 /* Products */,
				D9BEA13D149630B3A3561484 /* Pods */,
				DDF12957F0A388C73A4A6919 /* Frameworks */,
			);
			sourceTree = "<group>";
		};
		8BB456CC206F5299005ABD00 /* Products */ = {
			isa = PBXGroup;
			children = (
				8BB456CB206F5299005ABD00 /* HackerNews.app */,
			);
			name = Products;
			sourceTree = "<group>";
		};
		8BB456CD206F5299005ABD00 /* HackerNews */ = {
			isa = PBXGroup;
			children = (
				8BB456EA206F6ED2005ABD00 /* HackerNews.entitlements */,
				8BB456EB206FA5BD005ABD00 /* Common */,
				8BB45707206FFB9E005ABD00 /* Network */,
				8BB45702206FF9AE005ABD00 /* Data Models */,
				8BB456E7206F6D00005ABD00 /* Managers */,
				8BB456EC206FAF3C005ABD00 /* Home */,
				8BB456E0206F5511005ABD00 /* Login */,
				8BB456CE206F5299005ABD00 /* AppDelegate.swift */,
				8BB456D5206F5299005ABD00 /* Assets.xcassets */,
				8BB456D7206F5299005ABD00 /* LaunchScreen.storyboard */,
				8BB456E5206F5EFF005ABD00 /* GoogleService-Info.plist */,
				8BB456DA206F5299005ABD00 /* Info.plist */,
			);
			path = HackerNews;
			sourceTree = "<group>";
		};
		8BB456E0206F5511005ABD00 /* Login */ = {
			isa = PBXGroup;
			children = (
				8BB456D2206F5299005ABD00 /* Login.storyboard */,
				8BB456E1206F5527005ABD00 /* LoginView.swift */,
				8BB456E3206F553A005ABD00 /* LoginViewController.swift */,
			);
			path = Login;
			sourceTree = "<group>";
		};
		8BB456E7206F6D00005ABD00 /* Managers */ = {
			isa = PBXGroup;
			children = (
				8BB456E8206F6D1F005ABD00 /* AuthManager.swift */,
				8BB45705206FFB8C005ABD00 /* HomeManager.swift */,
			);
			path = Managers;
			sourceTree = "<group>";
		};
		8BB456EB206FA5BD005ABD00 /* Common */ = {
			isa = PBXGroup;
			children = (
				8BB456F6206FD111005ABD00 /* Extensions */,
				8BB456D0206F5299005ABD00 /* BaseViewController.swift */,
			);
			path = Common;
			sourceTree = "<group>";
		};
		8BB456EC206FAF3C005ABD00 /* Home */ = {
			isa = PBXGroup;
			children = (
				8BB456FD206FE8EE005ABD00 /* Data */,
				8BB456F1206FCE6E005ABD00 /* Views */,
				8BB456ED206FAF64005ABD00 /* Home.storyboard */,
				8BB456EF206FAFFF005ABD00 /* HomeViewController.swift */,
			);
			path = Home;
			sourceTree = "<group>";
		};
		8BB456F1206FCE6E005ABD00 /* Views */ = {
			isa = PBXGroup;
			children = (
				8BB456F2206FCEB8005ABD00 /* NavigationBarTitleView.xib */,
				8BB456F4206FD0AC005ABD00 /* NavigationBarTitleView.swift */,
				8BB456FB206FDF23005ABD00 /* HomeView.swift */,
				8BB45700206FE9AF005ABD00 /* HomeTableViewCell.swift */,
			);
			path = Views;
			sourceTree = "<group>";
		};
		8BB456F6206FD111005ABD00 /* Extensions */ = {
			isa = PBXGroup;
			children = (
				8BB456F7206FD129005ABD00 /* UIView+Extensions.swift */,
				8BB456F9206FDD02005ABD00 /* UINavigationBar+Extensions.swift */,
				8BB457162070D885005ABD00 /* Date+Extensions.swift */,
			);
			path = Extensions;
			sourceTree = "<group>";
		};
		8BB456FD206FE8EE005ABD00 /* Data */ = {
			isa = PBXGroup;
			children = (
				8BB456FE206FE91D005ABD00 /* HomeDataProvider.swift */,
			);
			path = Data;
			sourceTree = "<group>";
		};
		8BB45702206FF9AE005ABD00 /* Data Models */ = {
			isa = PBXGroup;
			children = (
				8BB45703206FF9CC005ABD00 /* News.swift */,
				8BB45712207024C3005ABD00 /* TopStories.swift */,
			);
			path = "Data Models";
			sourceTree = "<group>";
		};
		8BB45707206FFB9E005ABD00 /* Network */ = {
			isa = PBXGroup;
			children = (
				8BB45708206FFBDD005ABD00 /* HomeService.swift */,
				8BB4570A206FFEA5005ABD00 /* ApiClient.swift */,
				8BB4570C20701272005ABD00 /* RequestBuilder.swift */,
				8BB4570E20701280005ABD00 /* RequestFactory.swift */,
				8BB4571020701EC2005ABD00 /* ServiceRequest.swift */,
			);
			path = Network;
			sourceTree = "<group>";
		};
		D9BEA13D149630B3A3561484 /* Pods */ = {
			isa = PBXGroup;
			children = (
				6223DFECDC5A55CC45375364 /* Pods-HackerNews.debug.xcconfig */,
				27F464D2443B2DC019754AE5 /* Pods-HackerNews.release.xcconfig */,
			);
			name = Pods;
			sourceTree = "<group>";
		};
		DDF12957F0A388C73A4A6919 /* Frameworks */ = {
			isa = PBXGroup;
			children = (
				C0D9893303CF5BD5F2613B1E /* Pods_HackerNews.framework */,
			);
			name = Frameworks;
			sourceTree = "<group>";
		};
/* End PBXGroup section */

/* Begin PBXNativeTarget section */
		8BB456CA206F5299005ABD00 /* HackerNews */ = {
			isa = PBXNativeTarget;
			buildConfigurationList = 8BB456DD206F5299005ABD00 /* Build configuration list for PBXNativeTarget "HackerNews" */;
			buildPhases = (
				D680ACD35241F8B1DA520158 /* [CP] Check Pods Manifest.lock */,
				8BB456C7206F5299005ABD00 /* Sources */,
				8BB456C8206F5299005ABD00 /* Frameworks */,
				8BB456C9206F5299005ABD00 /* Resources */,
				31F2232479EF66A4789D7070 /* [CP] Embed Pods Frameworks */,
				F65CA2BC1EAADB8B5531972D /* [CP] Copy Pods Resources */,
			);
			buildRules = (
			);
			dependencies = (
			);
			name = HackerNews;
			productName = HackerNews;
			productReference = 8BB456CB206F5299005ABD00 /* HackerNews.app */;
			productType = "com.apple.product-type.application";
		};
/* End PBXNativeTarget section */

/* Begin PBXProject section */
		8BB456C3206F5299005ABD00 /* Project object */ = {
			isa = PBXProject;
			attributes = {
				LastSwiftUpdateCheck = 0920;
				LastUpgradeCheck = 0920;
				ORGANIZATIONNAME = "Dhiraj Das";
				TargetAttributes = {
					8BB456CA206F5299005ABD00 = {
						CreatedOnToolsVersion = 9.2;
						ProvisioningStyle = Automatic;
						SystemCapabilities = {
							com.apple.Push = {
								enabled = 0;
							};
						};
					};
				};
			};
			buildConfigurationList = 8BB456C6206F5299005ABD00 /* Build configuration list for PBXProject "HackerNews" */;
			compatibilityVersion = "Xcode 8.0";
			developmentRegion = en;
			hasScannedForEncodings = 0;
			knownRegions = (
				en,
				Base,
			);
			mainGroup = 8BB456C2206F5299005ABD00;
			productRefGroup = 8BB456CC206F5299005ABD00 /* Products */;
			projectDirPath = "";
			projectRoot = "";
			targets = (
				8BB456CA206F5299005ABD00 /* HackerNews */,
			);
		};
/* End PBXProject section */

/* Begin PBXResourcesBuildPhase section */
		8BB456C9206F5299005ABD00 /* Resources */ = {
			isa = PBXResourcesBuildPhase;
			buildActionMask = 2147483647;
			files = (
				8BB456D9206F5299005ABD00 /* LaunchScreen.storyboard in Resources */,
				8BB456F3206FCEB8005ABD00 /* NavigationBarTitleView.xib in Resources */,
				8BB456EE206FAF64005ABD00 /* Home.storyboard in Resources */,
				8BB456E6206F5EFF005ABD00 /* GoogleService-Info.plist in Resources */,
				8BB456D6206F5299005ABD00 /* Assets.xcassets in Resources */,
				8BB456D4206F5299005ABD00 /* Login.storyboard in Resources */,
			);
			runOnlyForDeploymentPostprocessing = 0;
		};
/* End PBXResourcesBuildPhase section */

/* Begin PBXShellScriptBuildPhase section */
		31F2232479EF66A4789D7070 /* [CP] Embed Pods Frameworks */ = {
			isa = PBXShellScriptBuildPhase;
			buildActionMask = 2147483647;
			files = (
			);
			inputPaths = (
				"${SRCROOT}/Pods/Target Support Files/Pods-HackerNews/Pods-HackerNews-frameworks.sh",
				"${BUILT_PRODUCTS_DIR}/Alamofire/Alamofire.framework",
				"${BUILT_PRODUCTS_DIR}/GTMOAuth2/GTMOAuth2.framework",
				"${BUILT_PRODUCTS_DIR}/GTMSessionFetcher/GTMSessionFetcher.framework",
				"${BUILT_PRODUCTS_DIR}/GoogleToolboxForMac/GoogleToolboxForMac.framework",
				"${BUILT_PRODUCTS_DIR}/nanopb/nanopb.framework",
			);
			name = "[CP] Embed Pods Frameworks";
			outputPaths = (
				"${TARGET_BUILD_DIR}/${FRAMEWORKS_FOLDER_PATH}/Alamofire.framework",
				"${TARGET_BUILD_DIR}/${FRAMEWORKS_FOLDER_PATH}/GTMOAuth2.framework",
				"${TARGET_BUILD_DIR}/${FRAMEWORKS_FOLDER_PATH}/GTMSessionFetcher.framework",
				"${TARGET_BUILD_DIR}/${FRAMEWORKS_FOLDER_PATH}/GoogleToolboxForMac.framework",
				"${TARGET_BUILD_DIR}/${FRAMEWORKS_FOLDER_PATH}/nanopb.framework",
			);
			runOnlyForDeploymentPostprocessing = 0;
			shellPath = /bin/sh;
			shellScript = "\"${SRCROOT}/Pods/Target Support Files/Pods-HackerNews/Pods-HackerNews-frameworks.sh\"\n";
			showEnvVarsInLog = 0;
		};
		D680ACD35241F8B1DA520158 /* [CP] Check Pods Manifest.lock */ = {
			isa = PBXShellScriptBuildPhase;
			buildActionMask = 2147483647;
			files = (
			);
			inputPaths = (
				"${PODS_PODFILE_DIR_PATH}/Podfile.lock",
				"${PODS_ROOT}/Manifest.lock",
			);
			name = "[CP] Check Pods Manifest.lock";
			outputPaths = (
				"$(DERIVED_FILE_DIR)/Pods-HackerNews-checkManifestLockResult.txt",
			);
			runOnlyForDeploymentPostprocessing = 0;
			shellPath = /bin/sh;
			shellScript = "diff \"${PODS_PODFILE_DIR_PATH}/Podfile.lock\" \"${PODS_ROOT}/Manifest.lock\" > /dev/null\nif [ $? != 0 ] ; then\n    # print error to STDERR\n    echo \"error: The sandbox is not in sync with the Podfile.lock. Run 'pod install' or update your CocoaPods installation.\" >&2\n    exit 1\nfi\n# This output is used by Xcode 'outputs' to avoid re-running this script phase.\necho \"SUCCESS\" > \"${SCRIPT_OUTPUT_FILE_0}\"\n";
			showEnvVarsInLog = 0;
		};
		F65CA2BC1EAADB8B5531972D /* [CP] Copy Pods Resources */ = {
			isa = PBXShellScriptBuildPhase;
			buildActionMask = 2147483647;
			files = (
			);
			inputPaths = (
				"${SRCROOT}/Pods/Target Support Files/Pods-HackerNews/Pods-HackerNews-resources.sh",
				"${PODS_CONFIGURATION_BUILD_DIR}/FirebaseUI/FirebaseAuthUI.bundle",
				"${PODS_CONFIGURATION_BUILD_DIR}/FirebaseUI/FirebasePhoneAuthUI.bundle",
				"${PODS_ROOT}/GoogleSignIn/Resources/GoogleSignIn.bundle",
			);
			name = "[CP] Copy Pods Resources";
			outputPaths = (
				"${TARGET_BUILD_DIR}/${UNLOCALIZED_RESOURCES_FOLDER_PATH}/FirebaseAuthUI.bundle",
				"${TARGET_BUILD_DIR}/${UNLOCALIZED_RESOURCES_FOLDER_PATH}/FirebasePhoneAuthUI.bundle",
				"${TARGET_BUILD_DIR}/${UNLOCALIZED_RESOURCES_FOLDER_PATH}/GoogleSignIn.bundle",
			);
			runOnlyForDeploymentPostprocessing = 0;
			shellPath = /bin/sh;
			shellScript = "\"${SRCROOT}/Pods/Target Support Files/Pods-HackerNews/Pods-HackerNews-resources.sh\"\n";
			showEnvVarsInLog = 0;
		};
/* End PBXShellScriptBuildPhase section */

/* Begin PBXSourcesBuildPhase section */
		8BB456C7206F5299005ABD00 /* Sources */ = {
			isa = PBXSourcesBuildPhase;
			buildActionMask = 2147483647;
			files = (
				8BB4570F20701280005ABD00 /* RequestFactory.swift in Sources */,
				8BB456E4206F553A005ABD00 /* LoginViewController.swift in Sources */,
				8BB457172070D885005ABD00 /* Date+Extensions.swift in Sources */,
				8BB456E2206F5527005ABD00 /* LoginView.swift in Sources */,
				8BB45706206FFB8C005ABD00 /* HomeManager.swift in Sources */,
				8BB4570B206FFEA5005ABD00 /* ApiClient.swift in Sources */,
				8BB456D1206F5299005ABD00 /* BaseViewController.swift in Sources */,
				8BB456FC206FDF23005ABD00 /* HomeView.swift in Sources */,
				8BB456CF206F5299005ABD00 /* AppDelegate.swift in Sources */,
				8BB456F5206FD0AC005ABD00 /* NavigationBarTitleView.swift in Sources */,
				8BB45701206FE9AF005ABD00 /* HomeTableViewCell.swift in Sources */,
				8BB45704206FF9CC005ABD00 /* News.swift in Sources */,
				8BB4571120701EC2005ABD00 /* ServiceRequest.swift in Sources */,
				8BB45709206FFBDD005ABD00 /* HomeService.swift in Sources */,
				8BB456FA206FDD02005ABD00 /* UINavigationBar+Extensions.swift in Sources */,
				8BB456E9206F6D1F005ABD00 /* AuthManager.swift in Sources */,
				8BB456F8206FD129005ABD00 /* UIView+Extensions.swift in Sources */,
				8BB45713207024C3005ABD00 /* TopStories.swift in Sources */,
				8BB456F0206FAFFF005ABD00 /* HomeViewController.swift in Sources */,
				8BB456FF206FE91D005ABD00 /* HomeDataProvider.swift in Sources */,
				8BB4570D20701272005ABD00 /* RequestBuilder.swift in Sources */,
			);
			runOnlyForDeploymentPostprocessing = 0;
		};
/* End PBXSourcesBuildPhase section */

/* Begin PBXVariantGroup section */
		8BB456D2206F5299005ABD00 /* Login.storyboard */ = {
			isa = PBXVariantGroup;
			children = (
				8BB456D3206F5299005ABD00 /* Base */,
			);
			name = Login.storyboard;
			sourceTree = "<group>";
		};
		8BB456D7206F5299005ABD00 /* LaunchScreen.storyboard */ = {
			isa = PBXVariantGroup;
			children = (
				8BB456D8206F5299005ABD00 /* Base */,
			);
			name = LaunchScreen.storyboard;
			sourceTree = "<group>";
		};
/* End PBXVariantGroup section */

/* Begin XCBuildConfiguration section */
		8BB456DB206F5299005ABD00 /* Debug */ = {
			isa = XCBuildConfiguration;
			buildSettings = {
				ALWAYS_SEARCH_USER_PATHS = NO;
				CLANG_ANALYZER_NONNULL = YES;
				CLANG_ANALYZER_NUMBER_OBJECT_CONVERSION = YES_AGGRESSIVE;
				CLANG_CXX_LANGUAGE_STANDARD = "gnu++14";
				CLANG_CXX_LIBRARY = "libc++";
				CLANG_ENABLE_MODULES = YES;
				CLANG_ENABLE_OBJC_ARC = YES;
				CLANG_WARN_BLOCK_CAPTURE_AUTORELEASING = YES;
				CLANG_WARN_BOOL_CONVERSION = YES;
				CLANG_WARN_COMMA = YES;
				CLANG_WARN_CONSTANT_CONVERSION = YES;
				CLANG_WARN_DIRECT_OBJC_ISA_USAGE = YES_ERROR;
				CLANG_WARN_DOCUMENTATION_COMMENTS = YES;
				CLANG_WARN_EMPTY_BODY = YES;
				CLANG_WARN_ENUM_CONVERSION = YES;
				CLANG_WARN_INFINITE_RECURSION = YES;
				CLANG_WARN_INT_CONVERSION = YES;
				CLANG_WARN_NON_LITERAL_NULL_CONVERSION = YES;
				CLANG_WARN_OBJC_LITERAL_CONVERSION = YES;
				CLANG_WARN_OBJC_ROOT_CLASS = YES_ERROR;
				CLANG_WARN_RANGE_LOOP_ANALYSIS = YES;
				CLANG_WARN_STRICT_PROTOTYPES = YES;
				CLANG_WARN_SUSPICIOUS_MOVE = YES;
				CLANG_WARN_UNGUARDED_AVAILABILITY = YES_AGGRESSIVE;
				CLANG_WARN_UNREACHABLE_CODE = YES;
				CLANG_WARN__DUPLICATE_METHOD_MATCH = YES;
				CODE_SIGN_IDENTITY = "iPhone Developer";
				COPY_PHASE_STRIP = NO;
				DEBUG_INFORMATION_FORMAT = dwarf;
				ENABLE_STRICT_OBJC_MSGSEND = YES;
				ENABLE_TESTABILITY = YES;
				GCC_C_LANGUAGE_STANDARD = gnu11;
				GCC_DYNAMIC_NO_PIC = NO;
				GCC_NO_COMMON_BLOCKS = YES;
				GCC_OPTIMIZATION_LEVEL = 0;
				GCC_PREPROCESSOR_DEFINITIONS = (
					"DEBUG=1",
					"$(inherited)",
				);
				GCC_WARN_64_TO_32_BIT_CONVERSION = YES;
				GCC_WARN_ABOUT_RETURN_TYPE = YES_ERROR;
				GCC_WARN_UNDECLARED_SELECTOR = YES;
				GCC_WARN_UNINITIALIZED_AUTOS = YES_AGGRESSIVE;
				GCC_WARN_UNUSED_FUNCTION = YES;
				GCC_WARN_UNUSED_VARIABLE = YES;
				IPHONEOS_DEPLOYMENT_TARGET = 11.2;
				MTL_ENABLE_DEBUG_INFO = YES;
				ONLY_ACTIVE_ARCH = YES;
				SDKROOT = iphoneos;
				SWIFT_ACTIVE_COMPILATION_CONDITIONS = DEBUG;
				SWIFT_OPTIMIZATION_LEVEL = "-Onone";
			};
			name = Debug;
		};
		8BB456DC206F5299005ABD00 /* Release */ = {
			isa = XCBuildConfiguration;
			buildSettings = {
				ALWAYS_SEARCH_USER_PATHS = NO;
				CLANG_ANALYZER_NONNULL = YES;
				CLANG_ANALYZER_NUMBER_OBJECT_CONVERSION = YES_AGGRESSIVE;
				CLANG_CXX_LANGUAGE_STANDARD = "gnu++14";
				CLANG_CXX_LIBRARY = "libc++";
				CLANG_ENABLE_MODULES = YES;
				CLANG_ENABLE_OBJC_ARC = YES;
				CLANG_WARN_BLOCK_CAPTURE_AUTORELEASING = YES;
				CLANG_WARN_BOOL_CONVERSION = YES;
				CLANG_WARN_COMMA = YES;
				CLANG_WARN_CONSTANT_CONVERSION = YES;
				CLANG_WARN_DIRECT_OBJC_ISA_USAGE = YES_ERROR;
				CLANG_WARN_DOCUMENTATION_COMMENTS = YES;
				CLANG_WARN_EMPTY_BODY = YES;
				CLANG_WARN_ENUM_CONVERSION = YES;
				CLANG_WARN_INFINITE_RECURSION = YES;
				CLANG_WARN_INT_CONVERSION = YES;
				CLANG_WARN_NON_LITERAL_NULL_CONVERSION = YES;
				CLANG_WARN_OBJC_LITERAL_CONVERSION = YES;
				CLANG_WARN_OBJC_ROOT_CLASS = YES_ERROR;
				CLANG_WARN_RANGE_LOOP_ANALYSIS = YES;
				CLANG_WARN_STRICT_PROTOTYPES = YES;
				CLANG_WARN_SUSPICIOUS_MOVE = YES;
				CLANG_WARN_UNGUARDED_AVAILABILITY = YES_AGGRESSIVE;
				CLANG_WARN_UNREACHABLE_CODE = YES;
				CLANG_WARN__DUPLICATE_METHOD_MATCH = YES;
				CODE_SIGN_IDENTITY = "iPhone Developer";
				COPY_PHASE_STRIP = NO;
				DEBUG_INFORMATION_FORMAT = "dwarf-with-dsym";
				ENABLE_NS_ASSERTIONS = NO;
				ENABLE_STRICT_OBJC_MSGSEND = YES;
				GCC_C_LANGUAGE_STANDARD = gnu11;
				GCC_NO_COMMON_BLOCKS = YES;
				GCC_WARN_64_TO_32_BIT_CONVERSION = YES;
				GCC_WARN_ABOUT_RETURN_TYPE = YES_ERROR;
				GCC_WARN_UNDECLARED_SELECTOR = YES;
				GCC_WARN_UNINITIALIZED_AUTOS = YES_AGGRESSIVE;
				GCC_WARN_UNUSED_FUNCTION = YES;
				GCC_WARN_UNUSED_VARIABLE = YES;
				IPHONEOS_DEPLOYMENT_TARGET = 11.2;
				MTL_ENABLE_DEBUG_INFO = NO;
				SDKROOT = iphoneos;
				SWIFT_OPTIMIZATION_LEVEL = "-Owholemodule";
				VALIDATE_PRODUCT = YES;
			};
			name = Release;
		};
		8BB456DE206F5299005ABD00 /* Debug */ = {
			isa = XCBuildConfiguration;
			baseConfigurationReference = 6223DFECDC5A55CC45375364 /* Pods-HackerNews.debug.xcconfig */;
			buildSettings = {
				ASSETCATALOG_COMPILER_APPICON_NAME = AppIcon;
				CODE_SIGN_STYLE = Automatic;
				DEVELOPMENT_TEAM = 4FGQMH8WW3;
				INFOPLIST_FILE = HackerNews/Info.plist;
				IPHONEOS_DEPLOYMENT_TARGET = 10.0;
				LD_RUNPATH_SEARCH_PATHS = "$(inherited) @executable_path/Frameworks";
				PRODUCT_BUNDLE_IDENTIFIER = com.dhirajdas.HackerNews;
				PRODUCT_NAME = "$(TARGET_NAME)";
				SWIFT_VERSION = 4.0;
				TARGETED_DEVICE_FAMILY = "1,2";
			};
			name = Debug;
		};
		8BB456DF206F5299005ABD00 /* Release */ = {
			isa = XCBuildConfiguration;
			baseConfigurationReference = 27F464D2443B2DC019754AE5 /* Pods-HackerNews.release.xcconfig */;
			buildSettings = {
				ASSETCATALOG_COMPILER_APPICON_NAME = AppIcon;
				CODE_SIGN_STYLE = Automatic;
				DEVELOPMENT_TEAM = 4FGQMH8WW3;
				INFOPLIST_FILE = HackerNews/Info.plist;
				IPHONEOS_DEPLOYMENT_TARGET = 10.0;
				LD_RUNPATH_SEARCH_PATHS = "$(inherited) @executable_path/Frameworks";
				PRODUCT_BUNDLE_IDENTIFIER = com.dhirajdas.HackerNews;
				PRODUCT_NAME = "$(TARGET_NAME)";
				SWIFT_VERSION = 4.0;
				TARGETED_DEVICE_FAMILY = "1,2";
			};
			name = Release;
		};
/* End XCBuildConfiguration section */

/* Begin XCConfigurationList section */
		8BB456C6206F5299005ABD00 /* Build configuration list for PBXProject "HackerNews" */ = {
			isa = XCConfigurationList;
			buildConfigurations = (
				8BB456DB206F5299005ABD00 /* Debug */,
				8BB456DC206F5299005ABD00 /* Release */,
			);
			defaultConfigurationIsVisible = 0;
			defaultConfigurationName = Release;
		};
		8BB456DD206F5299005ABD00 /* Build configuration list for PBXNativeTarget "HackerNews" */ = {
			isa = XCConfigurationList;
			buildConfigurations = (
				8BB456DE206F5299005ABD00 /* Debug */,
				8BB456DF206F5299005ABD00 /* Release */,
			);
			defaultConfigurationIsVisible = 0;
			defaultConfigurationName = Release;
		};
/* End XCConfigurationList section */
	};
	rootObject = 8BB456C3206F5299005ABD00 /* Project object */;
}
